
Microsoft Visual Studio Solution File, Format Version 12.00
# Visual Studio Version 17
VisualStudioVersion = 17.4.33213.308
MinimumVisualStudioVersion = 10.0.40219.1
Project("{FAE04EC0-301F-11D3-BF4B-00C04F79EFBC}") = "MHL_DB_Test", "MHL_DB_Test\MHL_DB_Test.csproj", "{D4A0A51F-DBCC-4544-AD17-239C110FE4A4}"
EndProject
Project("{FAE04EC0-301F-11D3-BF4B-00C04F79EFBC}") = "MHL_DB_SQLite", "MHL_DB_SQLite\MHL_DB_SQLite.csproj", "{A4AA6339-7485-4B88-BDB0-F532913FC867}"
EndProject
Global
	GlobalSection(SolutionConfigurationPlatforms) = preSolution
		Debug|Any CPU = Debug|Any CPU
		Release|Any CPU = Release|Any CPU
	EndGlobalSection
	GlobalSection(ProjectConfigurationPlatforms) = postSolution
		{D4A0A51F-DBCC-4544-AD17-239C110FE4A4}.Debug|Any CPU.ActiveCfg = Debug|Any CPU
		{D4A0A51F-DBCC-4544-AD17-239C110FE4A4}.Debug|Any CPU.Build.0 = Debug|Any CPU
		{D4A0A51F-DBCC-4544-AD17-239C110FE4A4}.Release|Any CPU.ActiveCfg = Release|Any CPU
		{D4A0A51F-DBCC-4544-AD17-239C110FE4A4}.Release|Any CPU.Build.0 = Release|Any CPU
		{A4AA6339-7485-4B88-BDB0-F532913FC867}.Debug|Any CPU.ActiveCfg = Debug|Any CPU
		{A4AA6339-7485-4B88-BDB0-F532913FC867}.Debug|Any CPU.Build.0 = Debug|Any CPU
		{A4AA6339-7485-4B88-BDB0-F532913FC867}.Release|Any CPU.ActiveCfg = Release|Any CPU
		{A4AA6339-7485-4B88-BDB0-F532913FC867}.Release|Any CPU.Build.0 = Release|Any CPU
	EndGlobalSection
	GlobalSection(SolutionProperties) = preSolution
		HideSolutionNode = FALSE
	EndGlobalSection
	GlobalSection(ExtensibilityGlobals) = postSolution
		SolutionGuid = {7686424A-4821-4AE3-BA07-BF165FAF1FA5}
	EndGlobalSection
EndGlobal
