
Microsoft Visual Studio Solution File, Format Version 12.00
# Visual Studio Version 17
VisualStudioVersion = 17.4.33213.308
MinimumVisualStudioVersion = 10.0.40219.1
Project("{9A19103F-16F7-4668-BE54-9A1E7A4F7556}") = "MHL_DB_Test", "MHL_DB_Test\MHL_DB_Test.csproj", "{D4A0A51F-DBCC-4544-AD17-239C110FE4A4}"
EndProject
Project("{9A19103F-16F7-4668-BE54-9A1E7A4F7556}") = "MHL_DB_SQLite", "MHL_DB_SQLite\MHL_DB_SQLite.csproj", "{A4AA6339-7485-4B88-BDB0-F532913FC867}"
EndProject
Project("{9A19103F-16F7-4668-BE54-9A1E7A4F7556}") = "MHL_DB_Model", "MHL_DB_Model\MHL_DB_Model.csproj", "{11039F46-033B-4AFA-89E3-3FAFE6CBD78B}"
EndProject
Project("{9A19103F-16F7-4668-BE54-9A1E7A4F7556}") = "MHLCommon", "..\MHLCommon\MHLCommon.csproj", "{2DB7CF6F-110E-4366-AB12-315846FBE36B}"
EndProject
Project("{9A19103F-16F7-4668-BE54-9A1E7A4F7556}") = "MHLSourceOnDisk", "..\MHLSorcesOnDisk\MHLSourceOnDisk\MHLSourceOnDisk\MHLSourceOnDisk.csproj", "{33A122B7-DA58-4C62-8FF0-D0507FF0EB04}"
EndProject
Project("{9A19103F-16F7-4668-BE54-9A1E7A4F7556}") = "MHL_DB_BizLogic", "MHL_DB_BizLogic\MHL_DB_BizLogic.csproj", "{9B67768C-EAE9-49AC-9DC1-D6D647AB5266}"
EndProject
Project("{2150E333-8FDC-42A3-9474-1A3956D46DE8}") = "Solution Items", "Solution Items", "{31F845BB-83D7-4791-B10F-A9851E34B041}"
	ProjectSection(SolutionItems) = preProject
		.editorconfig = .editorconfig
	EndProjectSection
EndProject
Project("{FAE04EC0-301F-11D3-BF4B-00C04F79EFBC}") = "MHL_DB_MSSqlServer", "MHL_DB_MSSqlServer\MHL_DB_MSSqlServer.csproj", "{1F4B418F-2697-4C58-82B3-51022A19724F}"
EndProject
Global
	GlobalSection(SolutionConfigurationPlatforms) = preSolution
		Debug|Any CPU = Debug|Any CPU
		Release|Any CPU = Release|Any CPU
	EndGlobalSection
	GlobalSection(ProjectConfigurationPlatforms) = postSolution
		{D4A0A51F-DBCC-4544-AD17-239C110FE4A4}.Debug|Any CPU.ActiveCfg = Debug|Any CPU
		{D4A0A51F-DBCC-4544-AD17-239C110FE4A4}.Debug|Any CPU.Build.0 = Debug|Any CPU
		{D4A0A51F-DBCC-4544-AD17-239C110FE4A4}.Release|Any CPU.ActiveCfg = Release|Any CPU
		{D4A0A51F-DBCC-4544-AD17-239C110FE4A4}.Release|Any CPU.Build.0 = Release|Any CPU
		{A4AA6339-7485-4B88-BDB0-F532913FC867}.Debug|Any CPU.ActiveCfg = Debug|Any CPU
		{A4AA6339-7485-4B88-BDB0-F532913FC867}.Debug|Any CPU.Build.0 = Debug|Any CPU
		{A4AA6339-7485-4B88-BDB0-F532913FC867}.Release|Any CPU.ActiveCfg = Release|Any CPU
		{A4AA6339-7485-4B88-BDB0-F532913FC867}.Release|Any CPU.Build.0 = Release|Any CPU
		{11039F46-033B-4AFA-89E3-3FAFE6CBD78B}.Debug|Any CPU.ActiveCfg = Debug|Any CPU
		{11039F46-033B-4AFA-89E3-3FAFE6CBD78B}.Debug|Any CPU.Build.0 = Debug|Any CPU
		{11039F46-033B-4AFA-89E3-3FAFE6CBD78B}.Release|Any CPU.ActiveCfg = Release|Any CPU
		{11039F46-033B-4AFA-89E3-3FAFE6CBD78B}.Release|Any CPU.Build.0 = Release|Any CPU
		{2DB7CF6F-110E-4366-AB12-315846FBE36B}.Debug|Any CPU.ActiveCfg = Debug|Any CPU
		{2DB7CF6F-110E-4366-AB12-315846FBE36B}.Debug|Any CPU.Build.0 = Debug|Any CPU
		{2DB7CF6F-110E-4366-AB12-315846FBE36B}.Release|Any CPU.ActiveCfg = Release|Any CPU
		{2DB7CF6F-110E-4366-AB12-315846FBE36B}.Release|Any CPU.Build.0 = Release|Any CPU
		{33A122B7-DA58-4C62-8FF0-D0507FF0EB04}.Debug|Any CPU.ActiveCfg = Debug|Any CPU
		{33A122B7-DA58-4C62-8FF0-D0507FF0EB04}.Debug|Any CPU.Build.0 = Debug|Any CPU
		{33A122B7-DA58-4C62-8FF0-D0507FF0EB04}.Release|Any CPU.ActiveCfg = Release|Any CPU
		{33A122B7-DA58-4C62-8FF0-D0507FF0EB04}.Release|Any CPU.Build.0 = Release|Any CPU
		{9B67768C-EAE9-49AC-9DC1-D6D647AB5266}.Debug|Any CPU.ActiveCfg = Debug|Any CPU
		{9B67768C-EAE9-49AC-9DC1-D6D647AB5266}.Debug|Any CPU.Build.0 = Debug|Any CPU
		{9B67768C-EAE9-49AC-9DC1-D6D647AB5266}.Release|Any CPU.ActiveCfg = Release|Any CPU
		{9B67768C-EAE9-49AC-9DC1-D6D647AB5266}.Release|Any CPU.Build.0 = Release|Any CPU
		{1F4B418F-2697-4C58-82B3-51022A19724F}.Debug|Any CPU.ActiveCfg = Debug|Any CPU
		{1F4B418F-2697-4C58-82B3-51022A19724F}.Debug|Any CPU.Build.0 = Debug|Any CPU
		{1F4B418F-2697-4C58-82B3-51022A19724F}.Release|Any CPU.ActiveCfg = Release|Any CPU
		{1F4B418F-2697-4C58-82B3-51022A19724F}.Release|Any CPU.Build.0 = Release|Any CPU
	EndGlobalSection
	GlobalSection(SolutionProperties) = preSolution
		HideSolutionNode = FALSE
	EndGlobalSection
	GlobalSection(ExtensibilityGlobals) = postSolution
		SolutionGuid = {7686424A-4821-4AE3-BA07-BF165FAF1FA5}
	EndGlobalSection
EndGlobal
