
Microsoft Visual Studio Solution File, Format Version 12.00
# Visual Studio Version 17
VisualStudioVersion = 17.2.32616.157
MinimumVisualStudioVersion = 10.0.40219.1
Project("{9A19103F-16F7-4668-BE54-9A1E7A4F7556}") = "MHLSourceScanner", "MHLSourceScanner\MHLSourceScanner.csproj", "{CFC81766-F1F4-4F2B-9846-B08BF7698630}"
EndProject
Project("{9A19103F-16F7-4668-BE54-9A1E7A4F7556}") = "MHLSourceScannerLib", "MHLSourceScannerLib\MHLSourceScannerLib.csproj", "{058FA0DB-BC9A-486E-AB09-1EFDCEDC4C7E}"
EndProject
Project("{9A19103F-16F7-4668-BE54-9A1E7A4F7556}") = "MHLSourceScannerModelLib", "MHLSourceScannerModelLib\MHLSourceScannerModelLib.csproj", "{259A5DE7-BEA8-4917-9FD8-AAA2384C4A20}"
EndProject
Project("{9A19103F-16F7-4668-BE54-9A1E7A4F7556}") = "MHLSourceOnDisk", "..\MHLSorcesOnDisk\MHLSourceOnDisk\MHLSourceOnDisk\MHLSourceOnDisk.csproj", "{DD0E74EF-B769-414B-8D57-8267D8C7837A}"
EndProject
Project("{9A19103F-16F7-4668-BE54-9A1E7A4F7556}") = "MHLCommon", "..\MHLCommon\MHLCommon.csproj", "{4E7CE6F1-E02F-483B-BF14-248AF1F1C23C}"
EndProject
Project("{9A19103F-16F7-4668-BE54-9A1E7A4F7556}") = "MHLControls", "..\MHLControls\MHLControls.csproj", "{A2E2BC0D-851B-4995-9386-A14702FDD4E1}"
EndProject
Project("{9A19103F-16F7-4668-BE54-9A1E7A4F7556}") = "MHLUIElements", "..\MHLUIElements\MHLUIElements.csproj", "{A6CF4D9F-5329-4590-A2ED-BC3DF39A272F}"
EndProject
Project("{9A19103F-16F7-4668-BE54-9A1E7A4F7556}") = "MHLResources", "..\MHLResources\MHLResources.csproj", "{DD980287-F45C-4C60-BD6B-FBC9929D64CF}"
EndProject
Project("{9A19103F-16F7-4668-BE54-9A1E7A4F7556}") = "MHLCommands", "MHLCommands\MHLCommands.csproj", "{F37188AC-6E91-4B91-8A4B-A60F9FF0B295}"
EndProject
Project("{9A19103F-16F7-4668-BE54-9A1E7A4F7556}") = "MHLCustomControls", "..\MHLCustomControls\MHLCustomControls.csproj", "{8D4A48A2-96F1-4320-ACEF-A051EF48494A}"
EndProject
Project("{9A19103F-16F7-4668-BE54-9A1E7A4F7556}") = "ControlsCommon", "..\ControlsCommon\ControlsCommon.csproj", "{54F79D06-BB35-4668-B27F-C9D89EE90B0D}"
EndProject
Project("{9A19103F-16F7-4668-BE54-9A1E7A4F7556}") = "MHL_DB_SQLite", "..\MHL_DB\MHL_DB_SQLite\MHL_DB_SQLite.csproj", "{D6F985EE-1187-4120-8639-A92D764FB96D}"
EndProject
Project("{9A19103F-16F7-4668-BE54-9A1E7A4F7556}") = "MHL_DB_Model", "..\MHL_DB\MHL_DB_Model\MHL_DB_Model.csproj", "{DC3FE958-98AE-4E29-9AB7-E19F029A6392}"
EndProject
Project("{9A19103F-16F7-4668-BE54-9A1E7A4F7556}") = "MHL_DB_BizLogic", "..\MHL_DB\MHL_DB_BizLogic\MHL_DB_BizLogic.csproj", "{FD6EB466-1964-4D98-BC3B-06B8D2D8BE9B}"
EndProject
Global
	GlobalSection(SolutionConfigurationPlatforms) = preSolution
		Debug|Any CPU = Debug|Any CPU
		Release|Any CPU = Release|Any CPU
	EndGlobalSection
	GlobalSection(ProjectConfigurationPlatforms) = postSolution
		{CFC81766-F1F4-4F2B-9846-B08BF7698630}.Debug|Any CPU.ActiveCfg = Debug|Any CPU
		{CFC81766-F1F4-4F2B-9846-B08BF7698630}.Debug|Any CPU.Build.0 = Debug|Any CPU
		{CFC81766-F1F4-4F2B-9846-B08BF7698630}.Release|Any CPU.ActiveCfg = Release|Any CPU
		{CFC81766-F1F4-4F2B-9846-B08BF7698630}.Release|Any CPU.Build.0 = Release|Any CPU
		{058FA0DB-BC9A-486E-AB09-1EFDCEDC4C7E}.Debug|Any CPU.ActiveCfg = Debug|Any CPU
		{058FA0DB-BC9A-486E-AB09-1EFDCEDC4C7E}.Debug|Any CPU.Build.0 = Debug|Any CPU
		{058FA0DB-BC9A-486E-AB09-1EFDCEDC4C7E}.Release|Any CPU.ActiveCfg = Release|Any CPU
		{058FA0DB-BC9A-486E-AB09-1EFDCEDC4C7E}.Release|Any CPU.Build.0 = Release|Any CPU
		{259A5DE7-BEA8-4917-9FD8-AAA2384C4A20}.Debug|Any CPU.ActiveCfg = Debug|Any CPU
		{259A5DE7-BEA8-4917-9FD8-AAA2384C4A20}.Debug|Any CPU.Build.0 = Debug|Any CPU
		{259A5DE7-BEA8-4917-9FD8-AAA2384C4A20}.Release|Any CPU.ActiveCfg = Release|Any CPU
		{259A5DE7-BEA8-4917-9FD8-AAA2384C4A20}.Release|Any CPU.Build.0 = Release|Any CPU
		{DD0E74EF-B769-414B-8D57-8267D8C7837A}.Debug|Any CPU.ActiveCfg = Debug|Any CPU
		{DD0E74EF-B769-414B-8D57-8267D8C7837A}.Debug|Any CPU.Build.0 = Debug|Any CPU
		{DD0E74EF-B769-414B-8D57-8267D8C7837A}.Release|Any CPU.ActiveCfg = Release|Any CPU
		{DD0E74EF-B769-414B-8D57-8267D8C7837A}.Release|Any CPU.Build.0 = Release|Any CPU
		{4E7CE6F1-E02F-483B-BF14-248AF1F1C23C}.Debug|Any CPU.ActiveCfg = Debug|Any CPU
		{4E7CE6F1-E02F-483B-BF14-248AF1F1C23C}.Debug|Any CPU.Build.0 = Debug|Any CPU
		{4E7CE6F1-E02F-483B-BF14-248AF1F1C23C}.Release|Any CPU.ActiveCfg = Release|Any CPU
		{4E7CE6F1-E02F-483B-BF14-248AF1F1C23C}.Release|Any CPU.Build.0 = Release|Any CPU
		{A2E2BC0D-851B-4995-9386-A14702FDD4E1}.Debug|Any CPU.ActiveCfg = Debug|Any CPU
		{A2E2BC0D-851B-4995-9386-A14702FDD4E1}.Debug|Any CPU.Build.0 = Debug|Any CPU
		{A2E2BC0D-851B-4995-9386-A14702FDD4E1}.Release|Any CPU.ActiveCfg = Release|Any CPU
		{A2E2BC0D-851B-4995-9386-A14702FDD4E1}.Release|Any CPU.Build.0 = Release|Any CPU
		{A6CF4D9F-5329-4590-A2ED-BC3DF39A272F}.Debug|Any CPU.ActiveCfg = Debug|Any CPU
		{A6CF4D9F-5329-4590-A2ED-BC3DF39A272F}.Debug|Any CPU.Build.0 = Debug|Any CPU
		{A6CF4D9F-5329-4590-A2ED-BC3DF39A272F}.Release|Any CPU.ActiveCfg = Release|Any CPU
		{A6CF4D9F-5329-4590-A2ED-BC3DF39A272F}.Release|Any CPU.Build.0 = Release|Any CPU
		{DD980287-F45C-4C60-BD6B-FBC9929D64CF}.Debug|Any CPU.ActiveCfg = Debug|Any CPU
		{DD980287-F45C-4C60-BD6B-FBC9929D64CF}.Debug|Any CPU.Build.0 = Debug|Any CPU
		{DD980287-F45C-4C60-BD6B-FBC9929D64CF}.Release|Any CPU.ActiveCfg = Release|Any CPU
		{DD980287-F45C-4C60-BD6B-FBC9929D64CF}.Release|Any CPU.Build.0 = Release|Any CPU
		{F37188AC-6E91-4B91-8A4B-A60F9FF0B295}.Debug|Any CPU.ActiveCfg = Debug|Any CPU
		{F37188AC-6E91-4B91-8A4B-A60F9FF0B295}.Debug|Any CPU.Build.0 = Debug|Any CPU
		{F37188AC-6E91-4B91-8A4B-A60F9FF0B295}.Release|Any CPU.ActiveCfg = Release|Any CPU
		{F37188AC-6E91-4B91-8A4B-A60F9FF0B295}.Release|Any CPU.Build.0 = Release|Any CPU
		{8D4A48A2-96F1-4320-ACEF-A051EF48494A}.Debug|Any CPU.ActiveCfg = Debug|Any CPU
		{8D4A48A2-96F1-4320-ACEF-A051EF48494A}.Debug|Any CPU.Build.0 = Debug|Any CPU
		{8D4A48A2-96F1-4320-ACEF-A051EF48494A}.Release|Any CPU.ActiveCfg = Release|Any CPU
		{8D4A48A2-96F1-4320-ACEF-A051EF48494A}.Release|Any CPU.Build.0 = Release|Any CPU
		{54F79D06-BB35-4668-B27F-C9D89EE90B0D}.Debug|Any CPU.ActiveCfg = Debug|Any CPU
		{54F79D06-BB35-4668-B27F-C9D89EE90B0D}.Debug|Any CPU.Build.0 = Debug|Any CPU
		{54F79D06-BB35-4668-B27F-C9D89EE90B0D}.Release|Any CPU.ActiveCfg = Release|Any CPU
		{54F79D06-BB35-4668-B27F-C9D89EE90B0D}.Release|Any CPU.Build.0 = Release|Any CPU
		{D6F985EE-1187-4120-8639-A92D764FB96D}.Debug|Any CPU.ActiveCfg = Debug|Any CPU
		{D6F985EE-1187-4120-8639-A92D764FB96D}.Debug|Any CPU.Build.0 = Debug|Any CPU
		{D6F985EE-1187-4120-8639-A92D764FB96D}.Release|Any CPU.ActiveCfg = Release|Any CPU
		{D6F985EE-1187-4120-8639-A92D764FB96D}.Release|Any CPU.Build.0 = Release|Any CPU
		{DC3FE958-98AE-4E29-9AB7-E19F029A6392}.Debug|Any CPU.ActiveCfg = Debug|Any CPU
		{DC3FE958-98AE-4E29-9AB7-E19F029A6392}.Debug|Any CPU.Build.0 = Debug|Any CPU
		{DC3FE958-98AE-4E29-9AB7-E19F029A6392}.Release|Any CPU.ActiveCfg = Release|Any CPU
		{DC3FE958-98AE-4E29-9AB7-E19F029A6392}.Release|Any CPU.Build.0 = Release|Any CPU
		{FD6EB466-1964-4D98-BC3B-06B8D2D8BE9B}.Debug|Any CPU.ActiveCfg = Debug|Any CPU
		{FD6EB466-1964-4D98-BC3B-06B8D2D8BE9B}.Debug|Any CPU.Build.0 = Debug|Any CPU
		{FD6EB466-1964-4D98-BC3B-06B8D2D8BE9B}.Release|Any CPU.ActiveCfg = Release|Any CPU
		{FD6EB466-1964-4D98-BC3B-06B8D2D8BE9B}.Release|Any CPU.Build.0 = Release|Any CPU
	EndGlobalSection
	GlobalSection(SolutionProperties) = preSolution
		HideSolutionNode = FALSE
	EndGlobalSection
	GlobalSection(ExtensibilityGlobals) = postSolution
		SolutionGuid = {C6686A06-30CE-413F-9824-89B7F8BB28EF}
	EndGlobalSection
EndGlobal
